
Microsoft Visual Studio Solution File, Format Version 12.00
# Visual Studio 15
VisualStudioVersion = 15.0.27130.2026
MinimumVisualStudioVersion = 10.0.40219.1
Project("{FAE04EC0-301F-11D3-BF4B-00C04F79EFBC}") = "Testing", "Testing\Testing.csproj", "{ACAACEC5-59FF-4B98-AD6A-0030085749ED}"
EndProject
Global
	GlobalSection(SolutionConfigurationPlatforms) = preSolution
		Debug|Any CPU = Debug|Any CPU
		Release|Any CPU = Release|Any CPU
	EndGlobalSection
	GlobalSection(ProjectConfigurationPlatforms) = postSolution
		{ACAACEC5-59FF-4B98-AD6A-0030085749ED}.Debug|Any CPU.ActiveCfg = Debug|Any CPU
		{ACAACEC5-59FF-4B98-AD6A-0030085749ED}.Debug|Any CPU.Build.0 = Debug|Any CPU
		{ACAACEC5-59FF-4B98-AD6A-0030085749ED}.Release|Any CPU.ActiveCfg = Release|Any CPU
		{ACAACEC5-59FF-4B98-AD6A-0030085749ED}.Release|Any CPU.Build.0 = Release|Any CPU
	EndGlobalSection
	GlobalSection(SolutionProperties) = preSolution
		HideSolutionNode = FALSE
	EndGlobalSection
	GlobalSection(ExtensibilityGlobals) = postSolution
		SolutionGuid = {BF718B36-04C6-4F2F-82D7-5C2AD5F5D0B8}
	EndGlobalSection
EndGlobal
